
Microsoft Visual Studio Solution File, Format Version 12.00
# Visual Studio Version 16
VisualStudioVersion = 16.0.29728.190
MinimumVisualStudioVersion = 10.0.40219.1
Project("{FAE04EC0-301F-11D3-BF4B-00C04F79EFBC}") = "Subterrania", "Subterrania.csproj", "{0536E485-4916-49D7-B664-6D5DDCA5ED6D}"
EndProject
Global
	GlobalSection(SolutionConfigurationPlatforms) = preSolution
		Debug|Any CPU = Debug|Any CPU
		Release|Any CPU = Release|Any CPU
	EndGlobalSection
	GlobalSection(ProjectConfigurationPlatforms) = postSolution
		{0536E485-4916-49D7-B664-6D5DDCA5ED6D}.Debug|Any CPU.ActiveCfg = Debug|Any CPU
		{0536E485-4916-49D7-B664-6D5DDCA5ED6D}.Debug|Any CPU.Build.0 = Debug|Any CPU
		{0536E485-4916-49D7-B664-6D5DDCA5ED6D}.Release|Any CPU.ActiveCfg = Release|Any CPU
		{0536E485-4916-49D7-B664-6D5DDCA5ED6D}.Release|Any CPU.Build.0 = Release|Any CPU
	EndGlobalSection
	GlobalSection(SolutionProperties) = preSolution
		HideSolutionNode = FALSE
	EndGlobalSection
	GlobalSection(ExtensibilityGlobals) = postSolution
		SolutionGuid = {73BF59F2-3571-41B3-BCE0-AF203EAD5F09}
	EndGlobalSection
EndGlobal
